
Microsoft Visual Studio Solution File, Format Version 12.00
# Visual Studio Version 17
VisualStudioVersion = 17.10.35013.160
MinimumVisualStudioVersion = 10.0.40219.1
Project("{FAE04EC0-301F-11D3-BF4B-00C04F79EFBC}") = "GameDataParser", "GameDataParser.csproj", "{9161A62E-B71F-46A5-918D-9670E5A3699A}"
EndProject
Global
	GlobalSection(SolutionConfigurationPlatforms) = preSolution
		Debug|Any CPU = Debug|Any CPU
		Release|Any CPU = Release|Any CPU
	EndGlobalSection
	GlobalSection(ProjectConfigurationPlatforms) = postSolution
		{9161A62E-B71F-46A5-918D-9670E5A3699A}.Debug|Any CPU.ActiveCfg = Debug|Any CPU
		{9161A62E-B71F-46A5-918D-9670E5A3699A}.Debug|Any CPU.Build.0 = Debug|Any CPU
		{9161A62E-B71F-46A5-918D-9670E5A3699A}.Release|Any CPU.ActiveCfg = Release|Any CPU
		{9161A62E-B71F-46A5-918D-9670E5A3699A}.Release|Any CPU.Build.0 = Release|Any CPU
	EndGlobalSection
	GlobalSection(SolutionProperties) = preSolution
		HideSolutionNode = FALSE
	EndGlobalSection
	GlobalSection(ExtensibilityGlobals) = postSolution
		SolutionGuid = {8EAA8FBE-25C4-4538-9F10-5A305E3DCE72}
	EndGlobalSection
EndGlobal
