
Microsoft Visual Studio Solution File, Format Version 12.00
# Visual Studio Version 17
VisualStudioVersion = 17.10.35013.160
MinimumVisualStudioVersion = 10.0.40219.1
Project("{9A19103F-16F7-4668-BE54-9A1E7A4F7556}") = "helloWorld", "helloWorld.csproj", "{D494AA03-7262-48FB-974C-C7700410E396}"
EndProject
Project("{9A19103F-16F7-4668-BE54-9A1E7A4F7556}") = "Calculator", "..\Calculator\Calculator.csproj", "{2AAD75AD-81D0-4793-8DD4-643C105E0E15}"
EndProject
Project("{9A19103F-16F7-4668-BE54-9A1E7A4F7556}") = "SimpleCalculator", "..\SimpleCalculator\SimpleCalculator.csproj", "{CD0474FD-9391-45CA-9F8A-ADFA59322CC3}"
EndProject
Project("{9A19103F-16F7-4668-BE54-9A1E7A4F7556}") = "funWithLists", "..\funWithLists\funWithLists.csproj", "{8E6853A0-2A68-47B1-8C2F-5A07F8594F73}"
EndProject
Project("{9A19103F-16F7-4668-BE54-9A1E7A4F7556}") = "TodoListConsole", "..\TodoListConsole\TodoListConsole.csproj", "{2C99B29E-5548-4085-A03F-C0D2ED0ED44C}"
EndProject
Project("{9A19103F-16F7-4668-BE54-9A1E7A4F7556}") = "oopBasics", "..\oopBasics\oopBasics.csproj", "{10229240-141B-4558-89CC-C69C02790ED6}"
EndProject
Project("{9A19103F-16F7-4668-BE54-9A1E7A4F7556}") = "FunWithObjectInheritance", "..\FunWithObjectInheritance\FunWithObjectInheritance.csproj", "{14B50953-5A4A-42A6-9492-9BB44DA77690}"
EndProject
Project("{9A19103F-16F7-4668-BE54-9A1E7A4F7556}") = "FunWithAbstractClasses", "..\FunWithAbstractClasses\FunWithAbstractClasses.csproj", "{DF181E81-A73D-4EC7-A1AC-422BB39945F5}"
EndProject
Project("{9A19103F-16F7-4668-BE54-9A1E7A4F7556}") = "MethodExtensionExercise", "..\MethodExtensionExercise\MethodExtensionExercise.csproj", "{215BF3E9-4DE3-4E9F-95E3-78D478C9A421}"
EndProject
Project("{9A19103F-16F7-4668-BE54-9A1E7A4F7556}") = "InterfaceExercise", "..\InterfaceExercise\InterfaceExercise.csproj", "{9A7B6AA5-FA1A-4A2E-838C-377E50101941}"
EndProject
Project("{9A19103F-16F7-4668-BE54-9A1E7A4F7556}") = "GenericTypesExercise", "..\GenericTypesExercise\GenericTypesExercise.csproj", "{5428516C-9437-4960-820E-6823834C00F1}"
EndProject
Project("{9A19103F-16F7-4668-BE54-9A1E7A4F7556}") = "FunWithTuples", "..\FunWithTuples\FunWithTuples.csproj", "{C39B6CE0-D8F5-4C65-807B-E95786A5FA80}"
EndProject
Project("{9A19103F-16F7-4668-BE54-9A1E7A4F7556}") = "CodeExerciseTypeConstraintsIComparable", "..\CodeExerciseTypeConstraintsIComparable\CodeExerciseTypeConstraintsIComparable.csproj", "{344468DD-67E4-40D2-8ECF-AC9DB5DA25C2}"
EndProject
Project("{9A19103F-16F7-4668-BE54-9A1E7A4F7556}") = "ICompareableInterfaceWithTypeConstraints", "..\ICompareableInterfaceWithTypeConstraints\ICompareableInterfaceWithTypeConstraints.csproj", "{A943B177-D4C0-41D5-B92C-735805EED98A}"
EndProject
Project("{9A19103F-16F7-4668-BE54-9A1E7A4F7556}") = "FuncsAndActionsLesson", "..\FuncsAndActionsLesson\FuncsAndActionsLesson.csproj", "{D6483DFB-A1D4-48FE-90EE-F48000E4E023}"
EndProject
Project("{9A19103F-16F7-4668-BE54-9A1E7A4F7556}") = "FunwithDictionaries", "..\FunwithDictionaries\FunwithDictionaries.csproj", "{8B75E058-D3DD-42F5-8A52-1DA928FC787A}"
EndProject
Project("{FAE04EC0-301F-11D3-BF4B-00C04F79EFBC}") = "StrategyPatternApplicationandMoreGenerics", "..\StrategyPatternApplicationandMoreGenerics\StrategyPatternApplicationandMoreGenerics.csproj", "{F3E3DF95-C7EF-4916-B6B2-622AD17C2077}"
EndProject
Global
	GlobalSection(SolutionConfigurationPlatforms) = preSolution
		Debug|Any CPU = Debug|Any CPU
		Release|Any CPU = Release|Any CPU
	EndGlobalSection
	GlobalSection(ProjectConfigurationPlatforms) = postSolution
		{D494AA03-7262-48FB-974C-C7700410E396}.Debug|Any CPU.ActiveCfg = Debug|Any CPU
		{D494AA03-7262-48FB-974C-C7700410E396}.Debug|Any CPU.Build.0 = Debug|Any CPU
		{D494AA03-7262-48FB-974C-C7700410E396}.Release|Any CPU.ActiveCfg = Release|Any CPU
		{D494AA03-7262-48FB-974C-C7700410E396}.Release|Any CPU.Build.0 = Release|Any CPU
		{2AAD75AD-81D0-4793-8DD4-643C105E0E15}.Debug|Any CPU.ActiveCfg = Debug|Any CPU
		{2AAD75AD-81D0-4793-8DD4-643C105E0E15}.Debug|Any CPU.Build.0 = Debug|Any CPU
		{2AAD75AD-81D0-4793-8DD4-643C105E0E15}.Release|Any CPU.ActiveCfg = Release|Any CPU
		{2AAD75AD-81D0-4793-8DD4-643C105E0E15}.Release|Any CPU.Build.0 = Release|Any CPU
		{CD0474FD-9391-45CA-9F8A-ADFA59322CC3}.Debug|Any CPU.ActiveCfg = Debug|Any CPU
		{CD0474FD-9391-45CA-9F8A-ADFA59322CC3}.Debug|Any CPU.Build.0 = Debug|Any CPU
		{CD0474FD-9391-45CA-9F8A-ADFA59322CC3}.Release|Any CPU.ActiveCfg = Release|Any CPU
		{CD0474FD-9391-45CA-9F8A-ADFA59322CC3}.Release|Any CPU.Build.0 = Release|Any CPU
		{8E6853A0-2A68-47B1-8C2F-5A07F8594F73}.Debug|Any CPU.ActiveCfg = Debug|Any CPU
		{8E6853A0-2A68-47B1-8C2F-5A07F8594F73}.Debug|Any CPU.Build.0 = Debug|Any CPU
		{8E6853A0-2A68-47B1-8C2F-5A07F8594F73}.Release|Any CPU.ActiveCfg = Release|Any CPU
		{8E6853A0-2A68-47B1-8C2F-5A07F8594F73}.Release|Any CPU.Build.0 = Release|Any CPU
		{2C99B29E-5548-4085-A03F-C0D2ED0ED44C}.Debug|Any CPU.ActiveCfg = Debug|Any CPU
		{2C99B29E-5548-4085-A03F-C0D2ED0ED44C}.Debug|Any CPU.Build.0 = Debug|Any CPU
		{2C99B29E-5548-4085-A03F-C0D2ED0ED44C}.Release|Any CPU.ActiveCfg = Release|Any CPU
		{2C99B29E-5548-4085-A03F-C0D2ED0ED44C}.Release|Any CPU.Build.0 = Release|Any CPU
		{10229240-141B-4558-89CC-C69C02790ED6}.Debug|Any CPU.ActiveCfg = Debug|Any CPU
		{10229240-141B-4558-89CC-C69C02790ED6}.Debug|Any CPU.Build.0 = Debug|Any CPU
		{10229240-141B-4558-89CC-C69C02790ED6}.Release|Any CPU.ActiveCfg = Release|Any CPU
		{10229240-141B-4558-89CC-C69C02790ED6}.Release|Any CPU.Build.0 = Release|Any CPU
		{14B50953-5A4A-42A6-9492-9BB44DA77690}.Debug|Any CPU.ActiveCfg = Debug|Any CPU
		{14B50953-5A4A-42A6-9492-9BB44DA77690}.Debug|Any CPU.Build.0 = Debug|Any CPU
		{14B50953-5A4A-42A6-9492-9BB44DA77690}.Release|Any CPU.ActiveCfg = Release|Any CPU
		{14B50953-5A4A-42A6-9492-9BB44DA77690}.Release|Any CPU.Build.0 = Release|Any CPU
		{DF181E81-A73D-4EC7-A1AC-422BB39945F5}.Debug|Any CPU.ActiveCfg = Debug|Any CPU
		{DF181E81-A73D-4EC7-A1AC-422BB39945F5}.Debug|Any CPU.Build.0 = Debug|Any CPU
		{DF181E81-A73D-4EC7-A1AC-422BB39945F5}.Release|Any CPU.ActiveCfg = Release|Any CPU
		{DF181E81-A73D-4EC7-A1AC-422BB39945F5}.Release|Any CPU.Build.0 = Release|Any CPU
		{215BF3E9-4DE3-4E9F-95E3-78D478C9A421}.Debug|Any CPU.ActiveCfg = Debug|Any CPU
		{215BF3E9-4DE3-4E9F-95E3-78D478C9A421}.Debug|Any CPU.Build.0 = Debug|Any CPU
		{215BF3E9-4DE3-4E9F-95E3-78D478C9A421}.Release|Any CPU.ActiveCfg = Release|Any CPU
		{215BF3E9-4DE3-4E9F-95E3-78D478C9A421}.Release|Any CPU.Build.0 = Release|Any CPU
		{9A7B6AA5-FA1A-4A2E-838C-377E50101941}.Debug|Any CPU.ActiveCfg = Debug|Any CPU
		{9A7B6AA5-FA1A-4A2E-838C-377E50101941}.Debug|Any CPU.Build.0 = Debug|Any CPU
		{9A7B6AA5-FA1A-4A2E-838C-377E50101941}.Release|Any CPU.ActiveCfg = Release|Any CPU
		{9A7B6AA5-FA1A-4A2E-838C-377E50101941}.Release|Any CPU.Build.0 = Release|Any CPU
		{5428516C-9437-4960-820E-6823834C00F1}.Debug|Any CPU.ActiveCfg = Debug|Any CPU
		{5428516C-9437-4960-820E-6823834C00F1}.Debug|Any CPU.Build.0 = Debug|Any CPU
		{5428516C-9437-4960-820E-6823834C00F1}.Release|Any CPU.ActiveCfg = Release|Any CPU
		{5428516C-9437-4960-820E-6823834C00F1}.Release|Any CPU.Build.0 = Release|Any CPU
		{C39B6CE0-D8F5-4C65-807B-E95786A5FA80}.Debug|Any CPU.ActiveCfg = Debug|Any CPU
		{C39B6CE0-D8F5-4C65-807B-E95786A5FA80}.Debug|Any CPU.Build.0 = Debug|Any CPU
		{C39B6CE0-D8F5-4C65-807B-E95786A5FA80}.Release|Any CPU.ActiveCfg = Release|Any CPU
		{C39B6CE0-D8F5-4C65-807B-E95786A5FA80}.Release|Any CPU.Build.0 = Release|Any CPU
		{344468DD-67E4-40D2-8ECF-AC9DB5DA25C2}.Debug|Any CPU.ActiveCfg = Debug|Any CPU
		{344468DD-67E4-40D2-8ECF-AC9DB5DA25C2}.Debug|Any CPU.Build.0 = Debug|Any CPU
		{344468DD-67E4-40D2-8ECF-AC9DB5DA25C2}.Release|Any CPU.ActiveCfg = Release|Any CPU
		{344468DD-67E4-40D2-8ECF-AC9DB5DA25C2}.Release|Any CPU.Build.0 = Release|Any CPU
		{A943B177-D4C0-41D5-B92C-735805EED98A}.Debug|Any CPU.ActiveCfg = Debug|Any CPU
		{A943B177-D4C0-41D5-B92C-735805EED98A}.Debug|Any CPU.Build.0 = Debug|Any CPU
		{A943B177-D4C0-41D5-B92C-735805EED98A}.Release|Any CPU.ActiveCfg = Release|Any CPU
		{A943B177-D4C0-41D5-B92C-735805EED98A}.Release|Any CPU.Build.0 = Release|Any CPU
		{D6483DFB-A1D4-48FE-90EE-F48000E4E023}.Debug|Any CPU.ActiveCfg = Debug|Any CPU
		{D6483DFB-A1D4-48FE-90EE-F48000E4E023}.Debug|Any CPU.Build.0 = Debug|Any CPU
		{D6483DFB-A1D4-48FE-90EE-F48000E4E023}.Release|Any CPU.ActiveCfg = Release|Any CPU
		{D6483DFB-A1D4-48FE-90EE-F48000E4E023}.Release|Any CPU.Build.0 = Release|Any CPU
		{8B75E058-D3DD-42F5-8A52-1DA928FC787A}.Debug|Any CPU.ActiveCfg = Debug|Any CPU
		{8B75E058-D3DD-42F5-8A52-1DA928FC787A}.Debug|Any CPU.Build.0 = Debug|Any CPU
		{8B75E058-D3DD-42F5-8A52-1DA928FC787A}.Release|Any CPU.ActiveCfg = Release|Any CPU
		{8B75E058-D3DD-42F5-8A52-1DA928FC787A}.Release|Any CPU.Build.0 = Release|Any CPU
		{F3E3DF95-C7EF-4916-B6B2-622AD17C2077}.Debug|Any CPU.ActiveCfg = Debug|Any CPU
		{F3E3DF95-C7EF-4916-B6B2-622AD17C2077}.Debug|Any CPU.Build.0 = Debug|Any CPU
		{F3E3DF95-C7EF-4916-B6B2-622AD17C2077}.Release|Any CPU.ActiveCfg = Release|Any CPU
		{F3E3DF95-C7EF-4916-B6B2-622AD17C2077}.Release|Any CPU.Build.0 = Release|Any CPU
	EndGlobalSection
	GlobalSection(SolutionProperties) = preSolution
		HideSolutionNode = FALSE
	EndGlobalSection
	GlobalSection(ExtensibilityGlobals) = postSolution
		SolutionGuid = {F3D1CA37-A3F0-4231-89B8-0B526B83F21A}
	EndGlobalSection
EndGlobal
